
Microsoft Visual Studio Solution File, Format Version 12.00
# Visual Studio Version 16
VisualStudioVersion = 16.0.30223.230
MinimumVisualStudioVersion = 10.0.40219.1
Project("{9A19103F-16F7-4668-BE54-9A1E7A4F7556}") = "GTAdhocTools", "GTAdhocParser\GTAdhocTools.csproj", "{EAB83F2F-BA36-45D2-A939-C1775DAAC50A}"
EndProject
Global
	GlobalSection(SolutionConfigurationPlatforms) = preSolution
		Debug|Any CPU = Debug|Any CPU
		Release|Any CPU = Release|Any CPU
	EndGlobalSection
	GlobalSection(ProjectConfigurationPlatforms) = postSolution
		{EAB83F2F-BA36-45D2-A939-C1775DAAC50A}.Debug|Any CPU.ActiveCfg = Debug|Any CPU
		{EAB83F2F-BA36-45D2-A939-C1775DAAC50A}.Debug|Any CPU.Build.0 = Debug|Any CPU
		{EAB83F2F-BA36-45D2-A939-C1775DAAC50A}.Release|Any CPU.ActiveCfg = Release|Any CPU
		{EAB83F2F-BA36-45D2-A939-C1775DAAC50A}.Release|Any CPU.Build.0 = Release|Any CPU
	EndGlobalSection
	GlobalSection(SolutionProperties) = preSolution
		HideSolutionNode = FALSE
	EndGlobalSection
	GlobalSection(ExtensibilityGlobals) = postSolution
		SolutionGuid = {A150D404-243A-43D2-9448-094595B71B60}
	EndGlobalSection
EndGlobal
